
Microsoft Visual Studio Solution File, Format Version 12.00
Project("{FAE04EC0-301F-11D3-BF4B-00C04F79EFBC}") = "Ej12", "Ej12\Ej12.csproj", "{B907EEA9-78FC-4816-B1E8-78B54EE789FE}"
EndProject
Global
	GlobalSection(SolutionConfigurationPlatforms) = preSolution
		Debug|Any CPU = Debug|Any CPU
		Release|Any CPU = Release|Any CPU
	EndGlobalSection
	GlobalSection(ProjectConfigurationPlatforms) = postSolution
		{B907EEA9-78FC-4816-B1E8-78B54EE789FE}.Debug|Any CPU.ActiveCfg = Debug|Any CPU
		{B907EEA9-78FC-4816-B1E8-78B54EE789FE}.Debug|Any CPU.Build.0 = Debug|Any CPU
		{B907EEA9-78FC-4816-B1E8-78B54EE789FE}.Release|Any CPU.ActiveCfg = Release|Any CPU
		{B907EEA9-78FC-4816-B1E8-78B54EE789FE}.Release|Any CPU.Build.0 = Release|Any CPU
	EndGlobalSection
EndGlobal
