
Microsoft Visual Studio Solution File, Format Version 12.00
Project("{FAE04EC0-301F-11D3-BF4B-00C04F79EFBC}") = "Ej4", "Ej4\Ej4.csproj", "{50482C1F-DCA5-47B7-9DA9-CF4F5CD26084}"
EndProject
Global
	GlobalSection(SolutionConfigurationPlatforms) = preSolution
		Debug|Any CPU = Debug|Any CPU
		Release|Any CPU = Release|Any CPU
	EndGlobalSection
	GlobalSection(ProjectConfigurationPlatforms) = postSolution
		{50482C1F-DCA5-47B7-9DA9-CF4F5CD26084}.Debug|Any CPU.ActiveCfg = Debug|Any CPU
		{50482C1F-DCA5-47B7-9DA9-CF4F5CD26084}.Debug|Any CPU.Build.0 = Debug|Any CPU
		{50482C1F-DCA5-47B7-9DA9-CF4F5CD26084}.Release|Any CPU.ActiveCfg = Release|Any CPU
		{50482C1F-DCA5-47B7-9DA9-CF4F5CD26084}.Release|Any CPU.Build.0 = Release|Any CPU
	EndGlobalSection
EndGlobal
